// !$*UTF8*$!
{
	archiveVersion = 1;
	classes = {
	};
	objectVersion = 50;
	objects = {

/* Begin PBXBuildFile section */
		1AC94A9A245F2CEA00826E10 /* AppDelegate.swift in Sources */ = {isa = PBXBuildFile; fileRef = 1AC94A99245F2CEA00826E10 /* AppDelegate.swift */; };
		1AC94A9C245F2CEA00826E10 /* SceneDelegate.swift in Sources */ = {isa = PBXBuildFile; fileRef = 1AC94A9B245F2CEA00826E10 /* SceneDelegate.swift */; };
		1AC94A9E245F2CEA00826E10 /* ViewController.swift in Sources */ = {isa = PBXBuildFile; fileRef = 1AC94A9D245F2CEA00826E10 /* ViewController.swift */; };
		1AC94AA1245F2CEA00826E10 /* Main.storyboard in Resources */ = {isa = PBXBuildFile; fileRef = 1AC94A9F245F2CEA00826E10 /* Main.storyboard */; };
		1AC94AA3245F2CEB00826E10 /* Assets.xcassets in Resources */ = {isa = PBXBuildFile; fileRef = 1AC94AA2245F2CEB00826E10 /* Assets.xcassets */; };
		1AC94AA6245F2CEB00826E10 /* LaunchScreen.storyboard in Resources */ = {isa = PBXBuildFile; fileRef = 1AC94AA4245F2CEB00826E10 /* LaunchScreen.storyboard */; };
		1AC94AAF245F301900826E10 /* common.framework in Frameworks */ = {isa = PBXBuildFile; fileRef = 1AC94AAE245F301900826E10 /* common.framework */; };
		1AC94AB0245F301900826E10 /* common.framework in Embed Frameworks */ = {isa = PBXBuildFile; fileRef = 1AC94AAE245F301900826E10 /* common.framework */; settings = {ATTRIBUTES = (CodeSignOnCopy, RemoveHeadersOnCopy, ); }; };
/* End PBXBuildFile section */

/* Begin PBXCopyFilesBuildPhase section */
		1AC94AB1245F301900826E10 /* Embed Frameworks */ = {
			isa = PBXCopyFilesBuildPhase;
			buildActionMask = 2147483647;
			dstPath = "";
			dstSubfolderSpec = 10;
			files = (
				1AC94AB0245F301900826E10 /* common.framework in Embed Frameworks */,
			);
			name = "Embed Frameworks";
			runOnlyForDeploymentPostprocessing = 0;
		};
/* End PBXCopyFilesBuildPhase section */

/* Begin PBXFileReference section */
		1AC94A96245F2CEA00826E10 /* HelloPlatformUiKit.app */ = {isa = PBXFileReference; explicitFileType = wrapper.application; includeInIndex = 0; path = HelloPlatformUiKit.app; sourceTree = BUILT_PRODUCTS_DIR; };
		1AC94A99245F2CEA00826E10 /* AppDelegate.swift */ = {isa = PBXFileReference; lastKnownFileType = sourcecode.swift; path = AppDelegate.swift; sourceTree = "<group>"; };
		1AC94A9B245F2CEA00826E10 /* SceneDelegate.swift */ = {isa = PBXFileReference; lastKnownFileType = sourcecode.swift; path = SceneDelegate.swift; sourceTree = "<group>"; };
		1AC94A9D245F2CEA00826E10 /* ViewController.swift */ = {isa = PBXFileReference; lastKnownFileType = sourcecode.swift; path = ViewController.swift; sourceTree = "<group>"; };
		1AC94AA0245F2CEA00826E10 /* Base */ = {isa = PBXFileReference; lastKnownFileType = file.storyboard; name = Base; path = Base.lproj/Main.storyboard; sourceTree = "<group>"; };
		1AC94AA2245F2CEB00826E10 /* Assets.xcassets */ = {isa = PBXFileReference; lastKnownFileType = folder.assetcatalog; path = Assets.xcassets; sourceTree = "<group>"; };
		1AC94AA5245F2CEB00826E10 /* Base */ = {isa = PBXFileReference; lastKnownFileType = file.storyboard; name = Base; path = Base.lproj/LaunchScreen.storyboard; sourceTree = "<group>"; };
		1AC94AA7245F2CEB00826E10 /* Info.plist */ = {isa = PBXFileReference; lastKnownFileType = text.plist.xml; path = Info.plist; sourceTree = "<group>"; };
		1AC94AAE245F301900826E10 /* common.framework */ = {isa = PBXFileReference; lastKnownFileType = wrapper.framework; name = common.framework; path = "../../common/build/xcode-frameworks/common.framework"; sourceTree = "<group>"; };
/* End PBXFileReference section */

/* Begin PBXFrameworksBuildPhase section */
		1AC94A93245F2CEA00826E10 /* Frameworks */ = {
			isa = PBXFrameworksBuildPhase;
			buildActionMask = 2147483647;
			files = (
				1AC94AAF245F301900826E10 /* common.framework in Frameworks */,
			);
			runOnlyForDeploymentPostprocessing = 0;
		};
/* End PBXFrameworksBuildPhase section */

/* Begin PBXGroup section */
		1AC94A8D245F2CEA00826E10 = {
			isa = PBXGroup;
			children = (
				1AC94A98245F2CEA00826E10 /* HelloPlatformUiKit */,
				1AC94A97245F2CEA00826E10 /* Products */,
				1AC94AAD245F301900826E10 /* Frameworks */,
			);
			sourceTree = "<group>";
		};
		1AC94A97245F2CEA00826E10 /* Products */ = {
			isa = PBXGroup;
			children = (
				1AC94A96245F2CEA00826E10 /* HelloPlatformUiKit.app */,
			);
			name = Products;
			sourceTree = "<group>";
		};
		1AC94A98245F2CEA00826E10 /* HelloPlatformUiKit */ = {
			isa = PBXGroup;
			children = (
				1AC94A99245F2CEA00826E10 /* AppDelegate.swift */,
				1AC94A9B245F2CEA00826E10 /* SceneDelegate.swift */,
				1AC94A9D245F2CEA00826E10 /* ViewController.swift */,
				1AC94A9F245F2CEA00826E10 /* Main.storyboard */,
				1AC94AA2245F2CEB00826E10 /* Assets.xcassets */,
				1AC94AA4245F2CEB00826E10 /* LaunchScreen.storyboard */,
				1AC94AA7245F2CEB00826E10 /* Info.plist */,
			);
			path = HelloPlatformUiKit;
			sourceTree = "<group>";
		};
		1AC94AAD245F301900826E10 /* Frameworks */ = {
			isa = PBXGroup;
			children = (
				1AC94AAE245F301900826E10 /* common.framework */,
			);
			name = Frameworks;
			sourceTree = "<group>";
		};
/* End PBXGroup section */

/* Begin PBXNativeTarget section */
		1AC94A95245F2CEA00826E10 /* HelloPlatformUiKit */ = {
			isa = PBXNativeTarget;
			buildConfigurationList = 1AC94AAA245F2CEB00826E10 /* Build configuration list for PBXNativeTarget "HelloPlatformUiKit" */;
			buildPhases = (
				1AC94A92245F2CEA00826E10 /* Sources */,
				1AC94A93245F2CEA00826E10 /* Frameworks */,
				1AC94A94245F2CEA00826E10 /* Resources */,
				1AC94AB1245F301900826E10 /* Embed Frameworks */,
				1AC94AB2245F31FC00826E10 /* ShellScript */,
			);
			buildRules = (
			);
			dependencies = (
			);
			name = HelloPlatformUiKit;
			productName = HelloPlatformUiKit;
			productReference = 1AC94A96245F2CEA00826E10 /* HelloPlatformUiKit.app */;
			productType = "com.apple.product-type.application";
		};
/* End PBXNativeTarget section */

/* Begin PBXProject section */
		1AC94A8E245F2CEA00826E10 /* Project object */ = {
			isa = PBXProject;
			attributes = {
				LastSwiftUpdateCheck = 1140;
				LastUpgradeCheck = 1140;
				ORGANIZATIONNAME = "James Shvarts";
				TargetAttributes = {
					1AC94A95245F2CEA00826E10 = {
						CreatedOnToolsVersion = 11.4;
					};
				};
			};
			buildConfigurationList = 1AC94A91245F2CEA00826E10 /* Build configuration list for PBXProject "HelloPlatformUiKit" */;
			compatibilityVersion = "Xcode 9.3";
			developmentRegion = en;
			hasScannedForEncodings = 0;
			knownRegions = (
				en,
				Base,
			);
			mainGroup = 1AC94A8D245F2CEA00826E10;
			productRefGroup = 1AC94A97245F2CEA00826E10 /* Products */;
			projectDirPath = "";
			projectRoot = "";
			targets = (
				1AC94A95245F2CEA00826E10 /* HelloPlatformUiKit */,
			);
		};
/* End PBXProject section */

/* Begin PBXResourcesBuildPhase section */
		1AC94A94245F2CEA00826E10 /* Resources */ = {
			isa = PBXResourcesBuildPhase;
			buildActionMask = 2147483647;
			files = (
				1AC94AA6245F2CEB00826E10 /* LaunchScreen.storyboard in Resources */,
				1AC94AA3245F2CEB00826E10 /* Assets.xcassets in Resources */,
				1AC94AA1245F2CEA00826E10 /* Main.storyboard in Resources */,
			);
			runOnlyForDeploymentPostprocessing = 0;
		};
/* End PBXResourcesBuildPhase section */

/* Begin PBXShellScriptBuildPhase section */
		1AC94AB2245F31FC00826E10 /* ShellScript */ = {
			isa = PBXShellScriptBuildPhase;
			buildActionMask = 2147483647;
			files = (
			);
			inputFileListPaths = (
			);
			inputPaths = (
			);
			outputFileListPaths = (
			);
			outputPaths = (
			);
			runOnlyForDeploymentPostprocessing = 0;
			shellPath = /bin/sh;
			shellScript = "cd \"$SRCROOT/../../common/build/xcode-frameworks\"\n./gradlew :common:packForXCode -PXCODE_CONFIGURATION=${CONFIGURATION}\n";
		};
/* End PBXShellScriptBuildPhase section */

/* Begin PBXSourcesBuildPhase section */
		1AC94A92245F2CEA00826E10 /* Sources */ = {
			isa = PBXSourcesBuildPhase;
			buildActionMask = 2147483647;
			files = (
				1AC94A9E245F2CEA00826E10 /* ViewController.swift in Sources */,
				1AC94A9A245F2CEA00826E10 /* AppDelegate.swift in Sources */,
				1AC94A9C245F2CEA00826E10 /* SceneDelegate.swift in Sources */,
			);
			runOnlyForDeploymentPostprocessing = 0;
		};
/* End PBXSourcesBuildPhase section */

/* Begin PBXVariantGroup section */
		1AC94A9F245F2CEA00826E10 /* Main.storyboard */ = {
			isa = PBXVariantGroup;
			children = (
				1AC94AA0245F2CEA00826E10 /* Base */,
			);
			name = Main.storyboard;
			sourceTree = "<group>";
		};
		1AC94AA4245F2CEB00826E10 /* LaunchScreen.storyboard */ = {
			isa = PBXVariantGroup;
			children = (
				1AC94AA5245F2CEB00826E10 /* Base */,
			);
			name = LaunchScreen.storyboard;
			sourceTree = "<group>";
		};
/* End PBXVariantGroup section */

/* Begin XCBuildConfiguration section */
		1AC94AA8245F2CEB00826E10 /* Debug */ = {
			isa = XCBuildConfiguration;
			buildSettings = {
				ALWAYS_SEARCH_USER_PATHS = NO;
				CLANG_ANALYZER_NONNULL = YES;
				CLANG_ANALYZER_NUMBER_OBJECT_CONVERSION = YES_AGGRESSIVE;
				CLANG_CXX_LANGUAGE_STANDARD = "gnu++14";
				CLANG_CXX_LIBRARY = "libc++";
				CLANG_ENABLE_MODULES = YES;
				CLANG_ENABLE_OBJC_ARC = YES;
				CLANG_ENABLE_OBJC_WEAK = YES;
				CLANG_WARN_BLOCK_CAPTURE_AUTORELEASING = YES;
				CLANG_WARN_BOOL_CONVERSION = YES;
				CLANG_WARN_COMMA = YES;
				CLANG_WARN_CONSTANT_CONVERSION = YES;
				CLANG_WARN_DEPRECATED_OBJC_IMPLEMENTATIONS = YES;
				CLANG_WARN_DIRECT_OBJC_ISA_USAGE = YES_ERROR;
				CLANG_WARN_DOCUMENTATION_COMMENTS = YES;
				CLANG_WARN_EMPTY_BODY = YES;
				CLANG_WARN_ENUM_CONVERSION = YES;
				CLANG_WARN_INFINITE_RECURSION = YES;
				CLANG_WARN_INT_CONVERSION = YES;
				CLANG_WARN_NON_LITERAL_NULL_CONVERSION = YES;
				CLANG_WARN_OBJC_IMPLICIT_RETAIN_SELF = YES;
				CLANG_WARN_OBJC_LITERAL_CONVERSION = YES;
				CLANG_WARN_OBJC_ROOT_CLASS = YES_ERROR;
				CLANG_WARN_RANGE_LOOP_ANALYSIS = YES;
				CLANG_WARN_STRICT_PROTOTYPES = YES;
				CLANG_WARN_SUSPICIOUS_MOVE = YES;
				CLANG_WARN_UNGUARDED_AVAILABILITY = YES_AGGRESSIVE;
				CLANG_WARN_UNREACHABLE_CODE = YES;
				CLANG_WARN__DUPLICATE_METHOD_MATCH = YES;
				COPY_PHASE_STRIP = NO;
				DEBUG_INFORMATION_FORMAT = dwarf;
				ENABLE_STRICT_OBJC_MSGSEND = YES;
				ENABLE_TESTABILITY = YES;
				GCC_C_LANGUAGE_STANDARD = gnu11;
				GCC_DYNAMIC_NO_PIC = NO;
				GCC_NO_COMMON_BLOCKS = YES;
				GCC_OPTIMIZATION_LEVEL = 0;
				GCC_PREPROCESSOR_DEFINITIONS = (
					"DEBUG=1",
					"$(inherited)",
				);
				GCC_WARN_64_TO_32_BIT_CONVERSION = YES;
				GCC_WARN_ABOUT_RETURN_TYPE = YES_ERROR;
				GCC_WARN_UNDECLARED_SELECTOR = YES;
				GCC_WARN_UNINITIALIZED_AUTOS = YES_AGGRESSIVE;
				GCC_WARN_UNUSED_FUNCTION = YES;
				GCC_WARN_UNUSED_VARIABLE = YES;
				IPHONEOS_DEPLOYMENT_TARGET = 13.4;
				MTL_ENABLE_DEBUG_INFO = INCLUDE_SOURCE;
				MTL_FAST_MATH = YES;
				ONLY_ACTIVE_ARCH = YES;
				SDKROOT = iphoneos;
				SWIFT_ACTIVE_COMPILATION_CONDITIONS = DEBUG;
				SWIFT_OPTIMIZATION_LEVEL = "-Onone";
			};
			name = Debug;
		};
		1AC94AA9245F2CEB00826E10 /* Release */ = {
			isa = XCBuildConfiguration;
			buildSettings = {
				ALWAYS_SEARCH_USER_PATHS = NO;
				CLANG_ANALYZER_NONNULL = YES;
				CLANG_ANALYZER_NUMBER_OBJECT_CONVERSION = YES_AGGRESSIVE;
				CLANG_CXX_LANGUAGE_STANDARD = "gnu++14";
				CLANG_CXX_LIBRARY = "libc++";
				CLANG_ENABLE_MODULES = YES;
				CLANG_ENABLE_OBJC_ARC = YES;
				CLANG_ENABLE_OBJC_WEAK = YES;
				CLANG_WARN_BLOCK_CAPTURE_AUTORELEASING = YES;
				CLANG_WARN_BOOL_CONVERSION = YES;
				CLANG_WARN_COMMA = YES;
				CLANG_WARN_CONSTANT_CONVERSION = YES;
				CLANG_WARN_DEPRECATED_OBJC_IMPLEMENTATIONS = YES;
				CLANG_WARN_DIRECT_OBJC_ISA_USAGE = YES_ERROR;
				CLANG_WARN_DOCUMENTATION_COMMENTS = YES;
				CLANG_WARN_EMPTY_BODY = YES;
				CLANG_WARN_ENUM_CONVERSION = YES;
				CLANG_WARN_INFINITE_RECURSION = YES;
				CLANG_WARN_INT_CONVERSION = YES;
				CLANG_WARN_NON_LITERAL_NULL_CONVERSION = YES;
				CLANG_WARN_OBJC_IMPLICIT_RETAIN_SELF = YES;
				CLANG_WARN_OBJC_LITERAL_CONVERSION = YES;
				CLANG_WARN_OBJC_ROOT_CLASS = YES_ERROR;
				CLANG_WARN_RANGE_LOOP_ANALYSIS = YES;
				CLANG_WARN_STRICT_PROTOTYPES = YES;
				CLANG_WARN_SUSPICIOUS_MOVE = YES;
				CLANG_WARN_UNGUARDED_AVAILABILITY = YES_AGGRESSIVE;
				CLANG_WARN_UNREACHABLE_CODE = YES;
				CLANG_WARN__DUPLICATE_METHOD_MATCH = YES;
				COPY_PHASE_STRIP = NO;
				DEBUG_INFORMATION_FORMAT = "dwarf-with-dsym";
				ENABLE_NS_ASSERTIONS = NO;
				ENABLE_STRICT_OBJC_MSGSEND = YES;
				GCC_C_LANGUAGE_STANDARD = gnu11;
				GCC_NO_COMMON_BLOCKS = YES;
				GCC_WARN_64_TO_32_BIT_CONVERSION = YES;
				GCC_WARN_ABOUT_RETURN_TYPE = YES_ERROR;
				GCC_WARN_UNDECLARED_SELECTOR = YES;
				GCC_WARN_UNINITIALIZED_AUTOS = YES_AGGRESSIVE;
				GCC_WARN_UNUSED_FUNCTION = YES;
				GCC_WARN_UNUSED_VARIABLE = YES;
				IPHONEOS_DEPLOYMENT_TARGET = 13.4;
				MTL_ENABLE_DEBUG_INFO = NO;
				MTL_FAST_MATH = YES;
				SDKROOT = iphoneos;
				SWIFT_COMPILATION_MODE = wholemodule;
				SWIFT_OPTIMIZATION_LEVEL = "-O";
				VALIDATE_PRODUCT = YES;
			};
			name = Release;
		};
		1AC94AAB245F2CEB00826E10 /* Debug */ = {
			isa = XCBuildConfiguration;
			buildSettings = {
				ASSETCATALOG_COMPILER_APPICON_NAME = AppIcon;
				CODE_SIGN_STYLE = Automatic;
				DEVELOPMENT_TEAM = 7LTLFC6DFG;
				"FRAMEWORK_SEARCH_PATHS[arch=*]" = "$(SRCROOT)/../../common/build/xcode-frameworks";
				INFOPLIST_FILE = HelloPlatformUiKit/Info.plist;
				LD_RUNPATH_SEARCH_PATHS = (
					"$(inherited)",
					"@executable_path/Frameworks",
				);
				PRODUCT_BUNDLE_IDENTIFIER = com.example.helloplatform.HelloPlatformUiKit;
				PRODUCT_NAME = "$(TARGET_NAME)";
				SWIFT_VERSION = 5.0;
				TARGETED_DEVICE_FAMILY = "1,2";
			};
			name = Debug;
		};
		1AC94AAC245F2CEB00826E10 /* Release */ = {
			isa = XCBuildConfiguration;
			buildSettings = {
				ASSETCATALOG_COMPILER_APPICON_NAME = AppIcon;
				CODE_SIGN_STYLE = Automatic;
				DEVELOPMENT_TEAM = 7LTLFC6DFG;
				INFOPLIST_FILE = HelloPlatformUiKit/Info.plist;
				LD_RUNPATH_SEARCH_PATHS = (
					"$(inherited)",
					"@executable_path/Frameworks",
				);
				PRODUCT_BUNDLE_IDENTIFIER = com.example.helloplatform.HelloPlatformUiKit;
				PRODUCT_NAME = "$(TARGET_NAME)";
				SWIFT_VERSION = 5.0;
				TARGETED_DEVICE_FAMILY = "1,2";
			};
			name = Release;
		};
/* End XCBuildConfiguration section */

/* Begin XCConfigurationList section */
		1AC94A91245F2CEA00826E10 /* Build configuration list for PBXProject "HelloPlatformUiKit" */ = {
			isa = XCConfigurationList;
			buildConfigurations = (
				1AC94AA8245F2CEB00826E10 /* Debug */,
				1AC94AA9245F2CEB00826E10 /* Release */,
			);
			defaultConfigurationIsVisible = 0;
			defaultConfigurationName = Release;
		};
		1AC94AAA245F2CEB00826E10 /* Build configuration list for PBXNativeTarget "HelloPlatformUiKit" */ = {
			isa = XCConfigurationList;
			buildConfigurations = (
				1AC94AAB245F2CEB00826E10 /* Debug */,
				1AC94AAC245F2CEB00826E10 /* Release */,
			);
			defaultConfigurationIsVisible = 0;
			defaultConfigurationName = Release;
		};
/* End XCConfigurationList section */
	};
	rootObject = 1AC94A8E245F2CEA00826E10 /* Project object */;
}
